
Microsoft Visual Studio Solution File, Format Version 12.00
# Visual Studio Version 16
VisualStudioVersion = 16.0.32630.194
MinimumVisualStudioVersion = 10.0.40219.1
Project("{FAE04EC0-301F-11D3-BF4B-00C04F79EFBC}") = "qManager-DHCP-Agent", "qManager-DHCP-Agent\qManager-DHCP-Agent.csproj", "{A83F9E4D-F968-4E8C-9B3A-63A274BDD15A}"
EndProject
Project("{54435603-DBB4-11D2-8724-00A0C9A8B90C}") = "InstallDHCPManagement", "InstallDHCPManagement\InstallDHCPManagement.vdproj", "{E797CBC4-EA54-4641-B07B-9D73A531A94B}"
EndProject
Global
	GlobalSection(SolutionConfigurationPlatforms) = preSolution
		Debug|Any CPU = Debug|Any CPU
		Release|Any CPU = Release|Any CPU
	EndGlobalSection
	GlobalSection(ProjectConfigurationPlatforms) = postSolution
		{A83F9E4D-F968-4E8C-9B3A-63A274BDD15A}.Debug|Any CPU.ActiveCfg = Debug|Any CPU
		{A83F9E4D-F968-4E8C-9B3A-63A274BDD15A}.Debug|Any CPU.Build.0 = Debug|Any CPU
		{A83F9E4D-F968-4E8C-9B3A-63A274BDD15A}.Release|Any CPU.ActiveCfg = Release|Any CPU
		{A83F9E4D-F968-4E8C-9B3A-63A274BDD15A}.Release|Any CPU.Build.0 = Release|Any CPU
		{E797CBC4-EA54-4641-B07B-9D73A531A94B}.Debug|Any CPU.ActiveCfg = Debug
		{E797CBC4-EA54-4641-B07B-9D73A531A94B}.Release|Any CPU.ActiveCfg = Release
	EndGlobalSection
	GlobalSection(SolutionProperties) = preSolution
		HideSolutionNode = FALSE
	EndGlobalSection
	GlobalSection(ExtensibilityGlobals) = postSolution
		SolutionGuid = {004E851E-B42A-4602-A17A-290BDDFDF7D7}
	EndGlobalSection
EndGlobal
